
Microsoft Visual Studio Solution File, Format Version 12.00
# Visual Studio 14
VisualStudioVersion = 14.0.24720.0
MinimumVisualStudioVersion = 10.0.40219.1
Project("{FAE04EC0-301F-11D3-BF4B-00C04F79EFBC}") = "PiSenseHAT", "IoTHubPiSense\PiSenseHAT.csproj", "{2DA130CA-9FB4-48A7-9453-90230954C076}"
EndProject
Project("{FAE04EC0-301F-11D3-BF4B-00C04F79EFBC}") = "FezHAT", "FezHat\FezHAT.csproj", "{6006EA60-23BE-4D21-8DB0-E585C30714E7}"
EndProject
Project("{FAE04EC0-301F-11D3-BF4B-00C04F79EFBC}") = "ExplorerProHAT", "ExplorerProHat\ExplorerProHAT.csproj", "{E4EA16DC-1005-46C6-92FD-2FFA091CF7A0}"
EndProject
Project("{FAE04EC0-301F-11D3-BF4B-00C04F79EFBC}") = "IotServices", "IotServices\IotServices.csproj", "{B150FBAB-ED29-44EE-BDAE-BADC2B0E1A3F}"
EndProject
Global
	GlobalSection(SolutionConfigurationPlatforms) = preSolution
		Debug|Any CPU = Debug|Any CPU
		Debug|ARM = Debug|ARM
		Debug|x64 = Debug|x64
		Debug|x86 = Debug|x86
		Release|Any CPU = Release|Any CPU
		Release|ARM = Release|ARM
		Release|x64 = Release|x64
		Release|x86 = Release|x86
	EndGlobalSection
	GlobalSection(ProjectConfigurationPlatforms) = postSolution
		{2DA130CA-9FB4-48A7-9453-90230954C076}.Debug|Any CPU.ActiveCfg = Debug|x86
		{2DA130CA-9FB4-48A7-9453-90230954C076}.Debug|ARM.ActiveCfg = Debug|ARM
		{2DA130CA-9FB4-48A7-9453-90230954C076}.Debug|ARM.Build.0 = Debug|ARM
		{2DA130CA-9FB4-48A7-9453-90230954C076}.Debug|ARM.Deploy.0 = Debug|ARM
		{2DA130CA-9FB4-48A7-9453-90230954C076}.Debug|x64.ActiveCfg = Debug|x64
		{2DA130CA-9FB4-48A7-9453-90230954C076}.Debug|x64.Build.0 = Debug|x64
		{2DA130CA-9FB4-48A7-9453-90230954C076}.Debug|x64.Deploy.0 = Debug|x64
		{2DA130CA-9FB4-48A7-9453-90230954C076}.Debug|x86.ActiveCfg = Debug|x86
		{2DA130CA-9FB4-48A7-9453-90230954C076}.Debug|x86.Build.0 = Debug|x86
		{2DA130CA-9FB4-48A7-9453-90230954C076}.Debug|x86.Deploy.0 = Debug|x86
		{2DA130CA-9FB4-48A7-9453-90230954C076}.Release|Any CPU.ActiveCfg = Release|x86
		{2DA130CA-9FB4-48A7-9453-90230954C076}.Release|ARM.ActiveCfg = Release|ARM
		{2DA130CA-9FB4-48A7-9453-90230954C076}.Release|ARM.Build.0 = Release|ARM
		{2DA130CA-9FB4-48A7-9453-90230954C076}.Release|ARM.Deploy.0 = Release|ARM
		{2DA130CA-9FB4-48A7-9453-90230954C076}.Release|x64.ActiveCfg = Release|x64
		{2DA130CA-9FB4-48A7-9453-90230954C076}.Release|x64.Build.0 = Release|x64
		{2DA130CA-9FB4-48A7-9453-90230954C076}.Release|x64.Deploy.0 = Release|x64
		{2DA130CA-9FB4-48A7-9453-90230954C076}.Release|x86.ActiveCfg = Release|x86
		{2DA130CA-9FB4-48A7-9453-90230954C076}.Release|x86.Build.0 = Release|x86
		{2DA130CA-9FB4-48A7-9453-90230954C076}.Release|x86.Deploy.0 = Release|x86
		{6006EA60-23BE-4D21-8DB0-E585C30714E7}.Debug|Any CPU.ActiveCfg = Debug|x86
		{6006EA60-23BE-4D21-8DB0-E585C30714E7}.Debug|ARM.ActiveCfg = Debug|ARM
		{6006EA60-23BE-4D21-8DB0-E585C30714E7}.Debug|ARM.Build.0 = Debug|ARM
		{6006EA60-23BE-4D21-8DB0-E585C30714E7}.Debug|ARM.Deploy.0 = Debug|ARM
		{6006EA60-23BE-4D21-8DB0-E585C30714E7}.Debug|x64.ActiveCfg = Debug|x64
		{6006EA60-23BE-4D21-8DB0-E585C30714E7}.Debug|x64.Build.0 = Debug|x64
		{6006EA60-23BE-4D21-8DB0-E585C30714E7}.Debug|x64.Deploy.0 = Debug|x64
		{6006EA60-23BE-4D21-8DB0-E585C30714E7}.Debug|x86.ActiveCfg = Debug|x86
		{6006EA60-23BE-4D21-8DB0-E585C30714E7}.Debug|x86.Build.0 = Debug|x86
		{6006EA60-23BE-4D21-8DB0-E585C30714E7}.Debug|x86.Deploy.0 = Debug|x86
		{6006EA60-23BE-4D21-8DB0-E585C30714E7}.Release|Any CPU.ActiveCfg = Release|x86
		{6006EA60-23BE-4D21-8DB0-E585C30714E7}.Release|ARM.ActiveCfg = Release|ARM
		{6006EA60-23BE-4D21-8DB0-E585C30714E7}.Release|ARM.Build.0 = Release|ARM
		{6006EA60-23BE-4D21-8DB0-E585C30714E7}.Release|ARM.Deploy.0 = Release|ARM
		{6006EA60-23BE-4D21-8DB0-E585C30714E7}.Release|x64.ActiveCfg = Release|x64
		{6006EA60-23BE-4D21-8DB0-E585C30714E7}.Release|x64.Build.0 = Release|x64
		{6006EA60-23BE-4D21-8DB0-E585C30714E7}.Release|x64.Deploy.0 = Release|x64
		{6006EA60-23BE-4D21-8DB0-E585C30714E7}.Release|x86.ActiveCfg = Release|x86
		{6006EA60-23BE-4D21-8DB0-E585C30714E7}.Release|x86.Build.0 = Release|x86
		{6006EA60-23BE-4D21-8DB0-E585C30714E7}.Release|x86.Deploy.0 = Release|x86
		{E4EA16DC-1005-46C6-92FD-2FFA091CF7A0}.Debug|Any CPU.ActiveCfg = Debug|x86
		{E4EA16DC-1005-46C6-92FD-2FFA091CF7A0}.Debug|ARM.ActiveCfg = Debug|ARM
		{E4EA16DC-1005-46C6-92FD-2FFA091CF7A0}.Debug|ARM.Build.0 = Debug|ARM
		{E4EA16DC-1005-46C6-92FD-2FFA091CF7A0}.Debug|ARM.Deploy.0 = Debug|ARM
		{E4EA16DC-1005-46C6-92FD-2FFA091CF7A0}.Debug|x64.ActiveCfg = Debug|x64
		{E4EA16DC-1005-46C6-92FD-2FFA091CF7A0}.Debug|x64.Build.0 = Debug|x64
		{E4EA16DC-1005-46C6-92FD-2FFA091CF7A0}.Debug|x64.Deploy.0 = Debug|x64
		{E4EA16DC-1005-46C6-92FD-2FFA091CF7A0}.Debug|x86.ActiveCfg = Debug|x86
		{E4EA16DC-1005-46C6-92FD-2FFA091CF7A0}.Debug|x86.Build.0 = Debug|x86
		{E4EA16DC-1005-46C6-92FD-2FFA091CF7A0}.Debug|x86.Deploy.0 = Debug|x86
		{E4EA16DC-1005-46C6-92FD-2FFA091CF7A0}.Release|Any CPU.ActiveCfg = Release|x86
		{E4EA16DC-1005-46C6-92FD-2FFA091CF7A0}.Release|ARM.ActiveCfg = Release|ARM
		{E4EA16DC-1005-46C6-92FD-2FFA091CF7A0}.Release|ARM.Build.0 = Release|ARM
		{E4EA16DC-1005-46C6-92FD-2FFA091CF7A0}.Release|ARM.Deploy.0 = Release|ARM
		{E4EA16DC-1005-46C6-92FD-2FFA091CF7A0}.Release|x64.ActiveCfg = Release|x64
		{E4EA16DC-1005-46C6-92FD-2FFA091CF7A0}.Release|x64.Build.0 = Release|x64
		{E4EA16DC-1005-46C6-92FD-2FFA091CF7A0}.Release|x64.Deploy.0 = Release|x64
		{E4EA16DC-1005-46C6-92FD-2FFA091CF7A0}.Release|x86.ActiveCfg = Release|x86
		{E4EA16DC-1005-46C6-92FD-2FFA091CF7A0}.Release|x86.Build.0 = Release|x86
		{E4EA16DC-1005-46C6-92FD-2FFA091CF7A0}.Release|x86.Deploy.0 = Release|x86
		{B150FBAB-ED29-44EE-BDAE-BADC2B0E1A3F}.Debug|Any CPU.ActiveCfg = Debug|Any CPU
		{B150FBAB-ED29-44EE-BDAE-BADC2B0E1A3F}.Debug|Any CPU.Build.0 = Debug|Any CPU
		{B150FBAB-ED29-44EE-BDAE-BADC2B0E1A3F}.Debug|ARM.ActiveCfg = Debug|ARM
		{B150FBAB-ED29-44EE-BDAE-BADC2B0E1A3F}.Debug|ARM.Build.0 = Debug|ARM
		{B150FBAB-ED29-44EE-BDAE-BADC2B0E1A3F}.Debug|x64.ActiveCfg = Debug|x64
		{B150FBAB-ED29-44EE-BDAE-BADC2B0E1A3F}.Debug|x64.Build.0 = Debug|x64
		{B150FBAB-ED29-44EE-BDAE-BADC2B0E1A3F}.Debug|x86.ActiveCfg = Debug|x86
		{B150FBAB-ED29-44EE-BDAE-BADC2B0E1A3F}.Debug|x86.Build.0 = Debug|x86
		{B150FBAB-ED29-44EE-BDAE-BADC2B0E1A3F}.Release|Any CPU.ActiveCfg = Release|Any CPU
		{B150FBAB-ED29-44EE-BDAE-BADC2B0E1A3F}.Release|Any CPU.Build.0 = Release|Any CPU
		{B150FBAB-ED29-44EE-BDAE-BADC2B0E1A3F}.Release|ARM.ActiveCfg = Release|ARM
		{B150FBAB-ED29-44EE-BDAE-BADC2B0E1A3F}.Release|ARM.Build.0 = Release|ARM
		{B150FBAB-ED29-44EE-BDAE-BADC2B0E1A3F}.Release|x64.ActiveCfg = Release|x64
		{B150FBAB-ED29-44EE-BDAE-BADC2B0E1A3F}.Release|x64.Build.0 = Release|x64
		{B150FBAB-ED29-44EE-BDAE-BADC2B0E1A3F}.Release|x86.ActiveCfg = Release|x86
		{B150FBAB-ED29-44EE-BDAE-BADC2B0E1A3F}.Release|x86.Build.0 = Release|x86
	EndGlobalSection
	GlobalSection(SolutionProperties) = preSolution
		HideSolutionNode = FALSE
	EndGlobalSection
EndGlobal
